
Microsoft Visual Studio Solution File, Format Version 12.00
# Visual Studio Version 17
VisualStudioVersion = 17.9.34723.18
MinimumVisualStudioVersion = 10.0.40219.1
Project("{FAE04EC0-301F-11D3-BF4B-00C04F79EFBC}") = "MVVM_ServiceAuto", "MVVM_ServiceAuto\MVVM_ServiceAuto.csproj", "{6770780D-C9A9-4F7D-84B1-339947C447BD}"
EndProject
Global
	GlobalSection(SolutionConfigurationPlatforms) = preSolution
		Debug|Any CPU = Debug|Any CPU
		Release|Any CPU = Release|Any CPU
	EndGlobalSection
	GlobalSection(ProjectConfigurationPlatforms) = postSolution
		{6770780D-C9A9-4F7D-84B1-339947C447BD}.Debug|Any CPU.ActiveCfg = Debug|Any CPU
		{6770780D-C9A9-4F7D-84B1-339947C447BD}.Debug|Any CPU.Build.0 = Debug|Any CPU
		{6770780D-C9A9-4F7D-84B1-339947C447BD}.Release|Any CPU.ActiveCfg = Release|Any CPU
		{6770780D-C9A9-4F7D-84B1-339947C447BD}.Release|Any CPU.Build.0 = Release|Any CPU
	EndGlobalSection
	GlobalSection(SolutionProperties) = preSolution
		HideSolutionNode = FALSE
	EndGlobalSection
	GlobalSection(ExtensibilityGlobals) = postSolution
		SolutionGuid = {F7F9512B-B9D0-4C7D-9329-DB62BCAE36FB}
	EndGlobalSection
EndGlobal
